
Microsoft Visual Studio Solution File, Format Version 12.00
# Visual Studio Version 16
VisualStudioVersion = 16.0.29519.181
MinimumVisualStudioVersion = 10.0.40219.1
Project("{FAE04EC0-301F-11D3-BF4B-00C04F79EFBC}") = "NonParametricAStar", "..\NonParametricAStar.csproj", "{54209777-1117-4884-8B79-195335FA0DAB}"
EndProject
Global
	GlobalSection(SolutionConfigurationPlatforms) = preSolution
		Debug|Any CPU = Debug|Any CPU
		Release|Any CPU = Release|Any CPU
	EndGlobalSection
	GlobalSection(ProjectConfigurationPlatforms) = postSolution
		{54209777-1117-4884-8B79-195335FA0DAB}.Debug|Any CPU.ActiveCfg = Debug|Any CPU
		{54209777-1117-4884-8B79-195335FA0DAB}.Debug|Any CPU.Build.0 = Debug|Any CPU
		{54209777-1117-4884-8B79-195335FA0DAB}.Release|Any CPU.ActiveCfg = Release|Any CPU
		{54209777-1117-4884-8B79-195335FA0DAB}.Release|Any CPU.Build.0 = Release|Any CPU
	EndGlobalSection
	GlobalSection(SolutionProperties) = preSolution
		HideSolutionNode = FALSE
	EndGlobalSection
	GlobalSection(ExtensibilityGlobals) = postSolution
		SolutionGuid = {D7650B9A-B583-44B1-850F-29720618E889}
	EndGlobalSection
EndGlobal
